
Microsoft Visual Studio Solution File, Format Version 12.00
# Visual Studio Version 16
VisualStudioVersion = 16.0.30114.105
MinimumVisualStudioVersion = 10.0.40219.1
Project("{FAE04EC0-301F-11D3-BF4B-00C04F79EFBC}") = "Tn.JobPortal.Api", "Tn.JobPortal.Api\Tn.JobPortal.Api.csproj", "{7C5ED1EE-6C14-4487-8477-D75E0905725C}"
EndProject
Global
	GlobalSection(SolutionConfigurationPlatforms) = preSolution
		Debug|Any CPU = Debug|Any CPU
		Release|Any CPU = Release|Any CPU
	EndGlobalSection
	GlobalSection(ProjectConfigurationPlatforms) = postSolution
		{7C5ED1EE-6C14-4487-8477-D75E0905725C}.Debug|Any CPU.ActiveCfg = Debug|Any CPU
		{7C5ED1EE-6C14-4487-8477-D75E0905725C}.Debug|Any CPU.Build.0 = Debug|Any CPU
		{7C5ED1EE-6C14-4487-8477-D75E0905725C}.Release|Any CPU.ActiveCfg = Release|Any CPU
		{7C5ED1EE-6C14-4487-8477-D75E0905725C}.Release|Any CPU.Build.0 = Release|Any CPU
	EndGlobalSection
	GlobalSection(SolutionProperties) = preSolution
		HideSolutionNode = FALSE
	EndGlobalSection
	GlobalSection(ExtensibilityGlobals) = postSolution
		SolutionGuid = {A0A19E1A-C477-4D2F-A188-2ACFC34F6D46}
	EndGlobalSection
EndGlobal
